
Microsoft Visual Studio Solution File, Format Version 12.00
# Visual Studio Version 16
VisualStudioVersion = 16.0.31205.134
MinimumVisualStudioVersion = 10.0.40219.1
Project("{FAE04EC0-301F-11D3-BF4B-00C04F79EFBC}") = "LapTrinhQuanLyDb", "LapTrinhQuanLyDb\LapTrinhQuanLyDb.csproj", "{1A952A23-5F84-4F4C-AF08-9049089AF897}"
EndProject
Global
	GlobalSection(SolutionConfigurationPlatforms) = preSolution
		Debug|Any CPU = Debug|Any CPU
		Release|Any CPU = Release|Any CPU
	EndGlobalSection
	GlobalSection(ProjectConfigurationPlatforms) = postSolution
		{1A952A23-5F84-4F4C-AF08-9049089AF897}.Debug|Any CPU.ActiveCfg = Debug|Any CPU
		{1A952A23-5F84-4F4C-AF08-9049089AF897}.Debug|Any CPU.Build.0 = Debug|Any CPU
		{1A952A23-5F84-4F4C-AF08-9049089AF897}.Release|Any CPU.ActiveCfg = Release|Any CPU
		{1A952A23-5F84-4F4C-AF08-9049089AF897}.Release|Any CPU.Build.0 = Release|Any CPU
	EndGlobalSection
	GlobalSection(SolutionProperties) = preSolution
		HideSolutionNode = FALSE
	EndGlobalSection
	GlobalSection(ExtensibilityGlobals) = postSolution
		SolutionGuid = {C451042C-7683-4EFE-A100-40D44F2E0398}
	EndGlobalSection
EndGlobal
