
Microsoft Visual Studio Solution File, Format Version 12.00
# Visual Studio Version 16
VisualStudioVersion = 16.0.31205.134
MinimumVisualStudioVersion = 10.0.40219.1
Project("{FAE04EC0-301F-11D3-BF4B-00C04F79EFBC}") = "baitap3", "baitap3\baitap3.csproj", "{EA477FD1-13C8-44AD-92B5-62C21650E47A}"
EndProject
Global
	GlobalSection(SolutionConfigurationPlatforms) = preSolution
		Debug|Any CPU = Debug|Any CPU
		Release|Any CPU = Release|Any CPU
	EndGlobalSection
	GlobalSection(ProjectConfigurationPlatforms) = postSolution
		{EA477FD1-13C8-44AD-92B5-62C21650E47A}.Debug|Any CPU.ActiveCfg = Debug|Any CPU
		{EA477FD1-13C8-44AD-92B5-62C21650E47A}.Debug|Any CPU.Build.0 = Debug|Any CPU
		{EA477FD1-13C8-44AD-92B5-62C21650E47A}.Release|Any CPU.ActiveCfg = Release|Any CPU
		{EA477FD1-13C8-44AD-92B5-62C21650E47A}.Release|Any CPU.Build.0 = Release|Any CPU
	EndGlobalSection
	GlobalSection(SolutionProperties) = preSolution
		HideSolutionNode = FALSE
	EndGlobalSection
	GlobalSection(ExtensibilityGlobals) = postSolution
		SolutionGuid = {84E89B90-2FCC-4B84-AAA6-BAF2A0E08DC0}
	EndGlobalSection
EndGlobal
